// !$*UTF8*$!
{
	archiveVersion = 1;
	classes = {
	};
	objectVersion = 50;
	objects = {

/* Begin PBXBuildFile section */
		8C3F22A0218F303C0084F62D /* AppDelegate.swift in Sources */ = {isa = PBXBuildFile; fileRef = 8C3F229F218F303C0084F62D /* AppDelegate.swift */; };
		8C3F22A2218F303C0084F62D /* ViewController.swift in Sources */ = {isa = PBXBuildFile; fileRef = 8C3F22A1218F303C0084F62D /* ViewController.swift */; };
		8C3F22A5218F303C0084F62D /* Main.storyboard in Resources */ = {isa = PBXBuildFile; fileRef = 8C3F22A3218F303C0084F62D /* Main.storyboard */; };
		8C3F22A7218F303F0084F62D /* Assets.xcassets in Resources */ = {isa = PBXBuildFile; fileRef = 8C3F22A6218F303F0084F62D /* Assets.xcassets */; };
		8C3F22AA218F303F0084F62D /* LaunchScreen.storyboard in Resources */ = {isa = PBXBuildFile; fileRef = 8C3F22A8218F303F0084F62D /* LaunchScreen.storyboard */; };
		8C3F22B9218F32940084F62D /* AdsImageCollectionViewCell.swift in Sources */ = {isa = PBXBuildFile; fileRef = 8C3F22B7218F32940084F62D /* AdsImageCollectionViewCell.swift */; };
		8C3F22BA218F32940084F62D /* AdsImageCollectionViewCell.xib in Resources */ = {isa = PBXBuildFile; fileRef = 8C3F22B8218F32940084F62D /* AdsImageCollectionViewCell.xib */; };
		8C3F22BD218F33C20084F62D /* PopularCollectionViewCell.swift in Sources */ = {isa = PBXBuildFile; fileRef = 8C3F22BB218F33C20084F62D /* PopularCollectionViewCell.swift */; };
		8C3F22BE218F33C20084F62D /* PopularCollectionViewCell.xib in Resources */ = {isa = PBXBuildFile; fileRef = 8C3F22BC218F33C20084F62D /* PopularCollectionViewCell.xib */; };
		8C3F22C1218F36A50084F62D /* BookCollectionViewCell.swift in Sources */ = {isa = PBXBuildFile; fileRef = 8C3F22BF218F36A50084F62D /* BookCollectionViewCell.swift */; };
		8C3F22C2218F36A50084F62D /* BookCollectionViewCell.xib in Resources */ = {isa = PBXBuildFile; fileRef = 8C3F22C0218F36A50084F62D /* BookCollectionViewCell.xib */; };
		8C3F22C9218F3AED0084F62D /* ArticleContentCollectionViewCell.swift in Sources */ = {isa = PBXBuildFile; fileRef = 8C3F22C7218F3AED0084F62D /* ArticleContentCollectionViewCell.swift */; };
		8C3F22CA218F3AED0084F62D /* ArticleContentCollectionViewCell.xib in Resources */ = {isa = PBXBuildFile; fileRef = 8C3F22C8218F3AED0084F62D /* ArticleContentCollectionViewCell.xib */; };
		8C3F22CC218F3D8D0084F62D /* DummyData.swift in Sources */ = {isa = PBXBuildFile; fileRef = 8C3F22CB218F3D8D0084F62D /* DummyData.swift */; };
		8C3F22CE218F452D0084F62D /* Article.swift in Sources */ = {isa = PBXBuildFile; fileRef = 8C3F22CD218F452D0084F62D /* Article.swift */; };
		8C3F22D0218F45F30084F62D /* DummyUtil.swift in Sources */ = {isa = PBXBuildFile; fileRef = 8C3F22CF218F45F30084F62D /* DummyUtil.swift */; };
		8C3F22D2218F48DE0084F62D /* CellRegisterUtil.swift in Sources */ = {isa = PBXBuildFile; fileRef = 8C3F22D1218F48DE0084F62D /* CellRegisterUtil.swift */; };
		8CAF026D219095AE001FC2E4 /* ViewMoreViewController.swift in Sources */ = {isa = PBXBuildFile; fileRef = 8CAF026C219095AE001FC2E4 /* ViewMoreViewController.swift */; };
		8CAF0270219096A2001FC2E4 /* ViewMoreCollectionViewCell.swift in Sources */ = {isa = PBXBuildFile; fileRef = 8CAF026E219096A2001FC2E4 /* ViewMoreCollectionViewCell.swift */; };
		8CAF0271219096A2001FC2E4 /* ViewMoreCollectionViewCell.xib in Resources */ = {isa = PBXBuildFile; fileRef = 8CAF026F219096A2001FC2E4 /* ViewMoreCollectionViewCell.xib */; };
		8CB7AE1B2192F0F800254A65 /* ArticleDetailViewController.swift in Sources */ = {isa = PBXBuildFile; fileRef = 8CB7AE1A2192F0F800254A65 /* ArticleDetailViewController.swift */; };
		8CDDAD20219325A000B8676D /* Book.swift in Sources */ = {isa = PBXBuildFile; fileRef = 8CDDAD1F219325A000B8676D /* Book.swift */; };
		8CDDAD222193365500B8676D /* BookDetailViewController.swift in Sources */ = {isa = PBXBuildFile; fileRef = 8CDDAD212193365500B8676D /* BookDetailViewController.swift */; };
		8CDDAD2421934BDF00B8676D /* AdsViewController.swift in Sources */ = {isa = PBXBuildFile; fileRef = 8CDDAD2321934BDF00B8676D /* AdsViewController.swift */; };
/* End PBXBuildFile section */

/* Begin PBXFileReference section */
		8C3F229C218F303C0084F62D /* BookStore.app */ = {isa = PBXFileReference; explicitFileType = wrapper.application; includeInIndex = 0; path = BookStore.app; sourceTree = BUILT_PRODUCTS_DIR; };
		8C3F229F218F303C0084F62D /* AppDelegate.swift */ = {isa = PBXFileReference; lastKnownFileType = sourcecode.swift; path = AppDelegate.swift; sourceTree = "<group>"; };
		8C3F22A1218F303C0084F62D /* ViewController.swift */ = {isa = PBXFileReference; lastKnownFileType = sourcecode.swift; path = ViewController.swift; sourceTree = "<group>"; };
		8C3F22A4218F303C0084F62D /* Base */ = {isa = PBXFileReference; lastKnownFileType = file.storyboard; name = Base; path = Base.lproj/Main.storyboard; sourceTree = "<group>"; };
		8C3F22A6218F303F0084F62D /* Assets.xcassets */ = {isa = PBXFileReference; lastKnownFileType = folder.assetcatalog; path = Assets.xcassets; sourceTree = "<group>"; };
		8C3F22A9218F303F0084F62D /* Base */ = {isa = PBXFileReference; lastKnownFileType = file.storyboard; name = Base; path = Base.lproj/LaunchScreen.storyboard; sourceTree = "<group>"; };
		8C3F22AB218F303F0084F62D /* Info.plist */ = {isa = PBXFileReference; lastKnownFileType = text.plist.xml; path = Info.plist; sourceTree = "<group>"; };
		8C3F22B7218F32940084F62D /* AdsImageCollectionViewCell.swift */ = {isa = PBXFileReference; lastKnownFileType = sourcecode.swift; path = AdsImageCollectionViewCell.swift; sourceTree = "<group>"; };
		8C3F22B8218F32940084F62D /* AdsImageCollectionViewCell.xib */ = {isa = PBXFileReference; lastKnownFileType = file.xib; path = AdsImageCollectionViewCell.xib; sourceTree = "<group>"; };
		8C3F22BB218F33C20084F62D /* PopularCollectionViewCell.swift */ = {isa = PBXFileReference; lastKnownFileType = sourcecode.swift; path = PopularCollectionViewCell.swift; sourceTree = "<group>"; };
		8C3F22BC218F33C20084F62D /* PopularCollectionViewCell.xib */ = {isa = PBXFileReference; lastKnownFileType = file.xib; path = PopularCollectionViewCell.xib; sourceTree = "<group>"; };
		8C3F22BF218F36A50084F62D /* BookCollectionViewCell.swift */ = {isa = PBXFileReference; lastKnownFileType = sourcecode.swift; path = BookCollectionViewCell.swift; sourceTree = "<group>"; };
		8C3F22C0218F36A50084F62D /* BookCollectionViewCell.xib */ = {isa = PBXFileReference; lastKnownFileType = file.xib; path = BookCollectionViewCell.xib; sourceTree = "<group>"; };
		8C3F22C7218F3AED0084F62D /* ArticleContentCollectionViewCell.swift */ = {isa = PBXFileReference; lastKnownFileType = sourcecode.swift; path = ArticleContentCollectionViewCell.swift; sourceTree = "<group>"; };
		8C3F22C8218F3AED0084F62D /* ArticleContentCollectionViewCell.xib */ = {isa = PBXFileReference; lastKnownFileType = file.xib; path = ArticleContentCollectionViewCell.xib; sourceTree = "<group>"; };
		8C3F22CB218F3D8D0084F62D /* DummyData.swift */ = {isa = PBXFileReference; lastKnownFileType = sourcecode.swift; path = DummyData.swift; sourceTree = "<group>"; };
		8C3F22CD218F452D0084F62D /* Article.swift */ = {isa = PBXFileReference; lastKnownFileType = sourcecode.swift; path = Article.swift; sourceTree = "<group>"; };
		8C3F22CF218F45F30084F62D /* DummyUtil.swift */ = {isa = PBXFileReference; lastKnownFileType = sourcecode.swift; path = DummyUtil.swift; sourceTree = "<group>"; };
		8C3F22D1218F48DE0084F62D /* CellRegisterUtil.swift */ = {isa = PBXFileReference; lastKnownFileType = sourcecode.swift; path = CellRegisterUtil.swift; sourceTree = "<group>"; };
		8CAF026C219095AE001FC2E4 /* ViewMoreViewController.swift */ = {isa = PBXFileReference; lastKnownFileType = sourcecode.swift; path = ViewMoreViewController.swift; sourceTree = "<group>"; };
		8CAF026E219096A2001FC2E4 /* ViewMoreCollectionViewCell.swift */ = {isa = PBXFileReference; lastKnownFileType = sourcecode.swift; path = ViewMoreCollectionViewCell.swift; sourceTree = "<group>"; };
		8CAF026F219096A2001FC2E4 /* ViewMoreCollectionViewCell.xib */ = {isa = PBXFileReference; lastKnownFileType = file.xib; path = ViewMoreCollectionViewCell.xib; sourceTree = "<group>"; };
		8CB7AE1A2192F0F800254A65 /* ArticleDetailViewController.swift */ = {isa = PBXFileReference; lastKnownFileType = sourcecode.swift; name = ArticleDetailViewController.swift; path = BookStore/viewcontroller/ArticleDetailViewController.swift; sourceTree = SOURCE_ROOT; };
		8CDDAD1F219325A000B8676D /* Book.swift */ = {isa = PBXFileReference; lastKnownFileType = sourcecode.swift; path = Book.swift; sourceTree = "<group>"; };
		8CDDAD212193365500B8676D /* BookDetailViewController.swift */ = {isa = PBXFileReference; lastKnownFileType = sourcecode.swift; path = BookDetailViewController.swift; sourceTree = "<group>"; };
		8CDDAD2321934BDF00B8676D /* AdsViewController.swift */ = {isa = PBXFileReference; lastKnownFileType = sourcecode.swift; path = AdsViewController.swift; sourceTree = "<group>"; };
/* End PBXFileReference section */

/* Begin PBXFrameworksBuildPhase section */
		8C3F2299218F303C0084F62D /* Frameworks */ = {
			isa = PBXFrameworksBuildPhase;
			buildActionMask = 2147483647;
			files = (
			);
			runOnlyForDeploymentPostprocessing = 0;
		};
/* End PBXFrameworksBuildPhase section */

/* Begin PBXGroup section */
		8C3F2293218F303C0084F62D = {
			isa = PBXGroup;
			children = (
				8C3F229E218F303C0084F62D /* BookStore */,
				8C3F229D218F303C0084F62D /* Products */,
			);
			sourceTree = "<group>";
		};
		8C3F229D218F303C0084F62D /* Products */ = {
			isa = PBXGroup;
			children = (
				8C3F229C218F303C0084F62D /* BookStore.app */,
			);
			name = Products;
			sourceTree = "<group>";
		};
		8C3F229E218F303C0084F62D /* BookStore */ = {
			isa = PBXGroup;
			children = (
				8C3F22B6218F318E0084F62D /* storyboard */,
				8C3F22B5218F31850084F62D /* cell */,
				8C3F22B4218F317B0084F62D /* viewcontroller */,
				8C3F229F218F303C0084F62D /* AppDelegate.swift */,
				8C3F22A6218F303F0084F62D /* Assets.xcassets */,
				8C3F22A8218F303F0084F62D /* LaunchScreen.storyboard */,
				8C3F22AB218F303F0084F62D /* Info.plist */,
				8C3F22CB218F3D8D0084F62D /* DummyData.swift */,
				8C3F22CD218F452D0084F62D /* Article.swift */,
				8C3F22CF218F45F30084F62D /* DummyUtil.swift */,
				8C3F22D1218F48DE0084F62D /* CellRegisterUtil.swift */,
				8CDDAD1F219325A000B8676D /* Book.swift */,
			);
			path = BookStore;
			sourceTree = "<group>";
		};
		8C3F22B4218F317B0084F62D /* viewcontroller */ = {
			isa = PBXGroup;
			children = (
				8CB7AE1A2192F0F800254A65 /* ArticleDetailViewController.swift */,
				8C3F22A1218F303C0084F62D /* ViewController.swift */,
				8CAF026C219095AE001FC2E4 /* ViewMoreViewController.swift */,
				8CDDAD212193365500B8676D /* BookDetailViewController.swift */,
				8CDDAD2321934BDF00B8676D /* AdsViewController.swift */,
			);
			path = viewcontroller;
			sourceTree = "<group>";
		};
		8C3F22B5218F31850084F62D /* cell */ = {
			isa = PBXGroup;
			children = (
				8C3F22B7218F32940084F62D /* AdsImageCollectionViewCell.swift */,
				8C3F22B8218F32940084F62D /* AdsImageCollectionViewCell.xib */,
				8C3F22BB218F33C20084F62D /* PopularCollectionViewCell.swift */,
				8C3F22BC218F33C20084F62D /* PopularCollectionViewCell.xib */,
				8C3F22BF218F36A50084F62D /* BookCollectionViewCell.swift */,
				8C3F22C0218F36A50084F62D /* BookCollectionViewCell.xib */,
				8C3F22C7218F3AED0084F62D /* ArticleContentCollectionViewCell.swift */,
				8C3F22C8218F3AED0084F62D /* ArticleContentCollectionViewCell.xib */,
				8CAF026E219096A2001FC2E4 /* ViewMoreCollectionViewCell.swift */,
				8CAF026F219096A2001FC2E4 /* ViewMoreCollectionViewCell.xib */,
			);
			path = cell;
			sourceTree = "<group>";
		};
		8C3F22B6218F318E0084F62D /* storyboard */ = {
			isa = PBXGroup;
			children = (
				8C3F22A3218F303C0084F62D /* Main.storyboard */,
			);
			path = storyboard;
			sourceTree = "<group>";
		};
/* End PBXGroup section */

/* Begin PBXNativeTarget section */
		8C3F229B218F303C0084F62D /* BookStore */ = {
			isa = PBXNativeTarget;
			buildConfigurationList = 8C3F22AE218F303F0084F62D /* Build configuration list for PBXNativeTarget "BookStore" */;
			buildPhases = (
				8C3F2298218F303C0084F62D /* Sources */,
				8C3F2299218F303C0084F62D /* Frameworks */,
				8C3F229A218F303C0084F62D /* Resources */,
			);
			buildRules = (
			);
			dependencies = (
			);
			name = BookStore;
			productName = BookStore;
			productReference = 8C3F229C218F303C0084F62D /* BookStore.app */;
			productType = "com.apple.product-type.application";
		};
/* End PBXNativeTarget section */

/* Begin PBXProject section */
		8C3F2294218F303C0084F62D /* Project object */ = {
			isa = PBXProject;
			attributes = {
				LastSwiftUpdateCheck = 1000;
				LastUpgradeCheck = 1000;
				ORGANIZATIONNAME = "Shwe Yi Tun";
				TargetAttributes = {
					8C3F229B218F303C0084F62D = {
						CreatedOnToolsVersion = 10.0;
					};
				};
			};
			buildConfigurationList = 8C3F2297218F303C0084F62D /* Build configuration list for PBXProject "BookStore" */;
			compatibilityVersion = "Xcode 9.3";
			developmentRegion = en;
			hasScannedForEncodings = 0;
			knownRegions = (
				en,
				Base,
			);
			mainGroup = 8C3F2293218F303C0084F62D;
			productRefGroup = 8C3F229D218F303C0084F62D /* Products */;
			projectDirPath = "";
			projectRoot = "";
			targets = (
				8C3F229B218F303C0084F62D /* BookStore */,
			);
		};
/* End PBXProject section */

/* Begin PBXResourcesBuildPhase section */
		8C3F229A218F303C0084F62D /* Resources */ = {
			isa = PBXResourcesBuildPhase;
			buildActionMask = 2147483647;
			files = (
				8C3F22AA218F303F0084F62D /* LaunchScreen.storyboard in Resources */,
				8C3F22C2218F36A50084F62D /* BookCollectionViewCell.xib in Resources */,
				8C3F22CA218F3AED0084F62D /* ArticleContentCollectionViewCell.xib in Resources */,
				8C3F22BA218F32940084F62D /* AdsImageCollectionViewCell.xib in Resources */,
				8CAF0271219096A2001FC2E4 /* ViewMoreCollectionViewCell.xib in Resources */,
				8C3F22A7218F303F0084F62D /* Assets.xcassets in Resources */,
				8C3F22A5218F303C0084F62D /* Main.storyboard in Resources */,
				8C3F22BE218F33C20084F62D /* PopularCollectionViewCell.xib in Resources */,
			);
			runOnlyForDeploymentPostprocessing = 0;
		};
/* End PBXResourcesBuildPhase section */

/* Begin PBXSourcesBuildPhase section */
		8C3F2298218F303C0084F62D /* Sources */ = {
			isa = PBXSourcesBuildPhase;
			buildActionMask = 2147483647;
			files = (
				8C3F22CC218F3D8D0084F62D /* DummyData.swift in Sources */,
				8C3F22C9218F3AED0084F62D /* ArticleContentCollectionViewCell.swift in Sources */,
				8CDDAD20219325A000B8676D /* Book.swift in Sources */,
				8C3F22CE218F452D0084F62D /* Article.swift in Sources */,
				8CAF026D219095AE001FC2E4 /* ViewMoreViewController.swift in Sources */,
				8CAF0270219096A2001FC2E4 /* ViewMoreCollectionViewCell.swift in Sources */,
				8C3F22BD218F33C20084F62D /* PopularCollectionViewCell.swift in Sources */,
				8C3F22D0218F45F30084F62D /* DummyUtil.swift in Sources */,
				8C3F22B9218F32940084F62D /* AdsImageCollectionViewCell.swift in Sources */,
				8CDDAD2421934BDF00B8676D /* AdsViewController.swift in Sources */,
				8C3F22A2218F303C0084F62D /* ViewController.swift in Sources */,
				8C3F22D2218F48DE0084F62D /* CellRegisterUtil.swift in Sources */,
				8CB7AE1B2192F0F800254A65 /* ArticleDetailViewController.swift in Sources */,
				8C3F22C1218F36A50084F62D /* BookCollectionViewCell.swift in Sources */,
				8C3F22A0218F303C0084F62D /* AppDelegate.swift in Sources */,
				8CDDAD222193365500B8676D /* BookDetailViewController.swift in Sources */,
			);
			runOnlyForDeploymentPostprocessing = 0;
		};
/* End PBXSourcesBuildPhase section */

/* Begin PBXVariantGroup section */
		8C3F22A3218F303C0084F62D /* Main.storyboard */ = {
			isa = PBXVariantGroup;
			children = (
				8C3F22A4218F303C0084F62D /* Base */,
			);
			name = Main.storyboard;
			sourceTree = "<group>";
		};
		8C3F22A8218F303F0084F62D /* LaunchScreen.storyboard */ = {
			isa = PBXVariantGroup;
			children = (
				8C3F22A9218F303F0084F62D /* Base */,
			);
			name = LaunchScreen.storyboard;
			sourceTree = "<group>";
		};
/* End PBXVariantGroup section */

/* Begin XCBuildConfiguration section */
		8C3F22AC218F303F0084F62D /* Debug */ = {
			isa = XCBuildConfiguration;
			buildSettings = {
				ALWAYS_SEARCH_USER_PATHS = NO;
				CLANG_ANALYZER_NONNULL = YES;
				CLANG_ANALYZER_NUMBER_OBJECT_CONVERSION = YES_AGGRESSIVE;
				CLANG_CXX_LANGUAGE_STANDARD = "gnu++14";
				CLANG_CXX_LIBRARY = "libc++";
				CLANG_ENABLE_MODULES = YES;
				CLANG_ENABLE_OBJC_ARC = YES;
				CLANG_ENABLE_OBJC_WEAK = YES;
				CLANG_WARN_BLOCK_CAPTURE_AUTORELEASING = YES;
				CLANG_WARN_BOOL_CONVERSION = YES;
				CLANG_WARN_COMMA = YES;
				CLANG_WARN_CONSTANT_CONVERSION = YES;
				CLANG_WARN_DEPRECATED_OBJC_IMPLEMENTATIONS = YES;
				CLANG_WARN_DIRECT_OBJC_ISA_USAGE = YES_ERROR;
				CLANG_WARN_DOCUMENTATION_COMMENTS = YES;
				CLANG_WARN_EMPTY_BODY = YES;
				CLANG_WARN_ENUM_CONVERSION = YES;
				CLANG_WARN_INFINITE_RECURSION = YES;
				CLANG_WARN_INT_CONVERSION = YES;
				CLANG_WARN_NON_LITERAL_NULL_CONVERSION = YES;
				CLANG_WARN_OBJC_IMPLICIT_RETAIN_SELF = YES;
				CLANG_WARN_OBJC_LITERAL_CONVERSION = YES;
				CLANG_WARN_OBJC_ROOT_CLASS = YES_ERROR;
				CLANG_WARN_RANGE_LOOP_ANALYSIS = YES;
				CLANG_WARN_STRICT_PROTOTYPES = YES;
				CLANG_WARN_SUSPICIOUS_MOVE = YES;
				CLANG_WARN_UNGUARDED_AVAILABILITY = YES_AGGRESSIVE;
				CLANG_WARN_UNREACHABLE_CODE = YES;
				CLANG_WARN__DUPLICATE_METHOD_MATCH = YES;
				CODE_SIGN_IDENTITY = "iPhone Developer";
				COPY_PHASE_STRIP = NO;
				DEBUG_INFORMATION_FORMAT = dwarf;
				ENABLE_STRICT_OBJC_MSGSEND = YES;
				ENABLE_TESTABILITY = YES;
				GCC_C_LANGUAGE_STANDARD = gnu11;
				GCC_DYNAMIC_NO_PIC = NO;
				GCC_NO_COMMON_BLOCKS = YES;
				GCC_OPTIMIZATION_LEVEL = 0;
				GCC_PREPROCESSOR_DEFINITIONS = (
					"DEBUG=1",
					"$(inherited)",
				);
				GCC_WARN_64_TO_32_BIT_CONVERSION = YES;
				GCC_WARN_ABOUT_RETURN_TYPE = YES_ERROR;
				GCC_WARN_UNDECLARED_SELECTOR = YES;
				GCC_WARN_UNINITIALIZED_AUTOS = YES_AGGRESSIVE;
				GCC_WARN_UNUSED_FUNCTION = YES;
				GCC_WARN_UNUSED_VARIABLE = YES;
				IPHONEOS_DEPLOYMENT_TARGET = 12.0;
				MTL_ENABLE_DEBUG_INFO = INCLUDE_SOURCE;
				MTL_FAST_MATH = YES;
				ONLY_ACTIVE_ARCH = YES;
				SDKROOT = iphoneos;
				SWIFT_ACTIVE_COMPILATION_CONDITIONS = DEBUG;
				SWIFT_OPTIMIZATION_LEVEL = "-Onone";
			};
			name = Debug;
		};
		8C3F22AD218F303F0084F62D /* Release */ = {
			isa = XCBuildConfiguration;
			buildSettings = {
				ALWAYS_SEARCH_USER_PATHS = NO;
				CLANG_ANALYZER_NONNULL = YES;
				CLANG_ANALYZER_NUMBER_OBJECT_CONVERSION = YES_AGGRESSIVE;
				CLANG_CXX_LANGUAGE_STANDARD = "gnu++14";
				CLANG_CXX_LIBRARY = "libc++";
				CLANG_ENABLE_MODULES = YES;
				CLANG_ENABLE_OBJC_ARC = YES;
				CLANG_ENABLE_OBJC_WEAK = YES;
				CLANG_WARN_BLOCK_CAPTURE_AUTORELEASING = YES;
				CLANG_WARN_BOOL_CONVERSION = YES;
				CLANG_WARN_COMMA = YES;
				CLANG_WARN_CONSTANT_CONVERSION = YES;
				CLANG_WARN_DEPRECATED_OBJC_IMPLEMENTATIONS = YES;
				CLANG_WARN_DIRECT_OBJC_ISA_USAGE = YES_ERROR;
				CLANG_WARN_DOCUMENTATION_COMMENTS = YES;
				CLANG_WARN_EMPTY_BODY = YES;
				CLANG_WARN_ENUM_CONVERSION = YES;
				CLANG_WARN_INFINITE_RECURSION = YES;
				CLANG_WARN_INT_CONVERSION = YES;
				CLANG_WARN_NON_LITERAL_NULL_CONVERSION = YES;
				CLANG_WARN_OBJC_IMPLICIT_RETAIN_SELF = YES;
				CLANG_WARN_OBJC_LITERAL_CONVERSION = YES;
				CLANG_WARN_OBJC_ROOT_CLASS = YES_ERROR;
				CLANG_WARN_RANGE_LOOP_ANALYSIS = YES;
				CLANG_WARN_STRICT_PROTOTYPES = YES;
				CLANG_WARN_SUSPICIOUS_MOVE = YES;
				CLANG_WARN_UNGUARDED_AVAILABILITY = YES_AGGRESSIVE;
				CLANG_WARN_UNREACHABLE_CODE = YES;
				CLANG_WARN__DUPLICATE_METHOD_MATCH = YES;
				CODE_SIGN_IDENTITY = "iPhone Developer";
				COPY_PHASE_STRIP = NO;
				DEBUG_INFORMATION_FORMAT = "dwarf-with-dsym";
				ENABLE_NS_ASSERTIONS = NO;
				ENABLE_STRICT_OBJC_MSGSEND = YES;
				GCC_C_LANGUAGE_STANDARD = gnu11;
				GCC_NO_COMMON_BLOCKS = YES;
				GCC_WARN_64_TO_32_BIT_CONVERSION = YES;
				GCC_WARN_ABOUT_RETURN_TYPE = YES_ERROR;
				GCC_WARN_UNDECLARED_SELECTOR = YES;
				GCC_WARN_UNINITIALIZED_AUTOS = YES_AGGRESSIVE;
				GCC_WARN_UNUSED_FUNCTION = YES;
				GCC_WARN_UNUSED_VARIABLE = YES;
				IPHONEOS_DEPLOYMENT_TARGET = 12.0;
				MTL_ENABLE_DEBUG_INFO = NO;
				MTL_FAST_MATH = YES;
				SDKROOT = iphoneos;
				SWIFT_COMPILATION_MODE = wholemodule;
				SWIFT_OPTIMIZATION_LEVEL = "-O";
				VALIDATE_PRODUCT = YES;
			};
			name = Release;
		};
		8C3F22AF218F303F0084F62D /* Debug */ = {
			isa = XCBuildConfiguration;
			buildSettings = {
				ASSETCATALOG_COMPILER_APPICON_NAME = AppIcon;
				CODE_SIGN_STYLE = Automatic;
				DEVELOPMENT_TEAM = LUA29KCT7G;
				INFOPLIST_FILE = BookStore/Info.plist;
				LD_RUNPATH_SEARCH_PATHS = (
					"$(inherited)",
					"@executable_path/Frameworks",
				);
				PRODUCT_BUNDLE_IDENTIFIER = com.padc.BookStore;
				PRODUCT_NAME = "$(TARGET_NAME)";
				SWIFT_VERSION = 4.2;
				TARGETED_DEVICE_FAMILY = "1,2";
			};
			name = Debug;
		};
		8C3F22B0218F303F0084F62D /* Release */ = {
			isa = XCBuildConfiguration;
			buildSettings = {
				ASSETCATALOG_COMPILER_APPICON_NAME = AppIcon;
				CODE_SIGN_STYLE = Automatic;
				DEVELOPMENT_TEAM = LUA29KCT7G;
				INFOPLIST_FILE = BookStore/Info.plist;
				LD_RUNPATH_SEARCH_PATHS = (
					"$(inherited)",
					"@executable_path/Frameworks",
				);
				PRODUCT_BUNDLE_IDENTIFIER = com.padc.BookStore;
				PRODUCT_NAME = "$(TARGET_NAME)";
				SWIFT_VERSION = 4.2;
				TARGETED_DEVICE_FAMILY = "1,2";
			};
			name = Release;
		};
/* End XCBuildConfiguration section */

/* Begin XCConfigurationList section */
		8C3F2297218F303C0084F62D /* Build configuration list for PBXProject "BookStore" */ = {
			isa = XCConfigurationList;
			buildConfigurations = (
				8C3F22AC218F303F0084F62D /* Debug */,
				8C3F22AD218F303F0084F62D /* Release */,
			);
			defaultConfigurationIsVisible = 0;
			defaultConfigurationName = Release;
		};
		8C3F22AE218F303F0084F62D /* Build configuration list for PBXNativeTarget "BookStore" */ = {
			isa = XCConfigurationList;
			buildConfigurations = (
				8C3F22AF218F303F0084F62D /* Debug */,
				8C3F22B0218F303F0084F62D /* Release */,
			);
			defaultConfigurationIsVisible = 0;
			defaultConfigurationName = Release;
		};
/* End XCConfigurationList section */
	};
	rootObject = 8C3F2294218F303C0084F62D /* Project object */;
}
